[[package]]
name = "getkey"
version = "0.6.5"
description = "Read single characters and key-strokes"
category = "main"
optional = false
python-versions = "*"

[[package]]
name = "numpy"
version = "1.25.2"
description = "Fundamental package for array computing in Python"
category = "main"
optional = false
python-versions = ">=3.9"

[metadata]
lock-version = "1.1"
python-versions = "^3.10"
content-hash = "d2e1da6dcb8e34e0fc6529a3fd369535662ba3b758e62b7a7b2e466556d3915c"

[metadata.files]
getkey = []
numpy = []
